
Microsoft Visual Studio Solution File, Format Version 12.00
# Visual Studio Version 16
VisualStudioVersion = 16.0.29326.143
MinimumVisualStudioVersion = 10.0.40219.1
Project("{FAE04EC0-301F-11D3-BF4B-00C04F79EFBC}") = "GestioneLavoratori-Db", "GestioneLavoratori-Db\GestioneLavoratori-Db.csproj", "{ACBCCEE9-1378-4838-84B8-701B0B9954B3}"
EndProject
Global
	GlobalSection(SolutionConfigurationPlatforms) = preSolution
		Debug|Any CPU = Debug|Any CPU
		Release|Any CPU = Release|Any CPU
	EndGlobalSection
	GlobalSection(ProjectConfigurationPlatforms) = postSolution
		{ACBCCEE9-1378-4838-84B8-701B0B9954B3}.Debug|Any CPU.ActiveCfg = Debug|Any CPU
		{ACBCCEE9-1378-4838-84B8-701B0B9954B3}.Debug|Any CPU.Build.0 = Debug|Any CPU
		{ACBCCEE9-1378-4838-84B8-701B0B9954B3}.Release|Any CPU.ActiveCfg = Release|Any CPU
		{ACBCCEE9-1378-4838-84B8-701B0B9954B3}.Release|Any CPU.Build.0 = Release|Any CPU
	EndGlobalSection
	GlobalSection(SolutionProperties) = preSolution
		HideSolutionNode = FALSE
	EndGlobalSection
	GlobalSection(ExtensibilityGlobals) = postSolution
		SolutionGuid = {9E37F462-F934-45A9-A5A1-202D034F3D37}
	EndGlobalSection
EndGlobal
